
Microsoft Visual Studio Solution File, Format Version 12.00
# Visual Studio 14
VisualStudioVersion = 14.0.24720.0
MinimumVisualStudioVersion = 10.0.40219.1
Project("{FAE04EC0-301F-11D3-BF4B-00C04F79EFBC}") = "Andromeda", "Andromeda\Andromeda.csproj", "{3E77B185-F61F-4E1C-8238-1694230DD3A7}"
EndProject
Project("{2150E333-8FDC-42A3-9474-1A3956D46DE8}") = "Solution Items", "Solution Items", "{AE161579-0A35-42E8-8FF8-86ABA0A09134}"
	ProjectSection(SolutionItems) = preProject
		Performance1.psess = Performance1.psess
		Performance2.psess = Performance2.psess
	EndProjectSection
EndProject
Global
	GlobalSection(Performance) = preSolution
		HasPerformanceSessions = true
	EndGlobalSection
	GlobalSection(SolutionConfigurationPlatforms) = preSolution
		Debug|Any CPU = Debug|Any CPU
		Release|Any CPU = Release|Any CPU
	EndGlobalSection
	GlobalSection(ProjectConfigurationPlatforms) = postSolution
		{3E77B185-F61F-4E1C-8238-1694230DD3A7}.Debug|Any CPU.ActiveCfg = Debug|Any CPU
		{3E77B185-F61F-4E1C-8238-1694230DD3A7}.Debug|Any CPU.Build.0 = Debug|Any CPU
		{3E77B185-F61F-4E1C-8238-1694230DD3A7}.Release|Any CPU.ActiveCfg = Release|Any CPU
		{3E77B185-F61F-4E1C-8238-1694230DD3A7}.Release|Any CPU.Build.0 = Release|Any CPU
	EndGlobalSection
	GlobalSection(SolutionProperties) = preSolution
		HideSolutionNode = FALSE
	EndGlobalSection
EndGlobal
